
Microsoft Visual Studio Solution File, Format Version 12.00
# Visual Studio Version 16
VisualStudioVersion = 16.0.28729.10
MinimumVisualStudioVersion = 10.0.40219.1
Project("{FAE04EC0-301F-11D3-BF4B-00C04F79EFBC}") = "Office2PDF", "Office2PDF\Office2PDF.csproj", "{1E2372B0-8E00-434A-B68C-D3B30250C561}"
EndProject
Global
	GlobalSection(SolutionConfigurationPlatforms) = preSolution
		Debug|Any CPU = Debug|Any CPU
		Release|Any CPU = Release|Any CPU
	EndGlobalSection
	GlobalSection(ProjectConfigurationPlatforms) = postSolution
		{1E2372B0-8E00-434A-B68C-D3B30250C561}.Debug|Any CPU.ActiveCfg = Debug|Any CPU
		{1E2372B0-8E00-434A-B68C-D3B30250C561}.Debug|Any CPU.Build.0 = Debug|Any CPU
		{1E2372B0-8E00-434A-B68C-D3B30250C561}.Release|Any CPU.ActiveCfg = Release|Any CPU
		{1E2372B0-8E00-434A-B68C-D3B30250C561}.Release|Any CPU.Build.0 = Release|Any CPU
	EndGlobalSection
	GlobalSection(SolutionProperties) = preSolution
		HideSolutionNode = FALSE
	EndGlobalSection
	GlobalSection(ExtensibilityGlobals) = postSolution
		SolutionGuid = {A125C75C-C94F-491D-A66C-ECCBDB2624CD}
	EndGlobalSection
EndGlobal
